
Microsoft Visual Studio Solution File, Format Version 12.00
# Visual Studio 15
VisualStudioVersion = 15.0.28307.489
MinimumVisualStudioVersion = 10.0.40219.1
Project("{9A19103F-16F7-4668-BE54-9A1E7A4F7556}") = "NewTask", "NewTask.csproj", "{C04183CE-CD29-427E-9229-68D1360C77D1}"
EndProject
Project("{9A19103F-16F7-4668-BE54-9A1E7A4F7556}") = "Worker", "..\Worker\Worker.csproj", "{FABEA373-FFE5-4ECA-8896-F0F2091D0531}"
EndProject
Project("{2150E333-8FDC-42A3-9474-1A3956D46DE8}") = "Testing", "Testing", "{CB3619D9-FEF0-4D10-8E0F-6867F9CD8729}"
EndProject
Project("{9A19103F-16F7-4668-BE54-9A1E7A4F7556}") = "MessageServiceTest", "..\MessageServiceTest\MessageServiceTest.csproj", "{8FA69B15-4D84-4120-9037-9A32BE87AC7B}"
EndProject
Project("{FAE04EC0-301F-11D3-BF4B-00C04F79EFBC}") = "WorkerServiceTest", "..\WorkerServiceTest\WorkerServiceTest.csproj", "{5834B444-32A3-430A-A6DF-BA02BCAC0EB8}"
EndProject
Global
	GlobalSection(SolutionConfigurationPlatforms) = preSolution
		Debug|Any CPU = Debug|Any CPU
		Release|Any CPU = Release|Any CPU
	EndGlobalSection
	GlobalSection(ProjectConfigurationPlatforms) = postSolution
		{C04183CE-CD29-427E-9229-68D1360C77D1}.Debug|Any CPU.ActiveCfg = Debug|Any CPU
		{C04183CE-CD29-427E-9229-68D1360C77D1}.Debug|Any CPU.Build.0 = Debug|Any CPU
		{C04183CE-CD29-427E-9229-68D1360C77D1}.Release|Any CPU.ActiveCfg = Release|Any CPU
		{C04183CE-CD29-427E-9229-68D1360C77D1}.Release|Any CPU.Build.0 = Release|Any CPU
		{FABEA373-FFE5-4ECA-8896-F0F2091D0531}.Debug|Any CPU.ActiveCfg = Debug|Any CPU
		{FABEA373-FFE5-4ECA-8896-F0F2091D0531}.Debug|Any CPU.Build.0 = Debug|Any CPU
		{FABEA373-FFE5-4ECA-8896-F0F2091D0531}.Release|Any CPU.ActiveCfg = Release|Any CPU
		{FABEA373-FFE5-4ECA-8896-F0F2091D0531}.Release|Any CPU.Build.0 = Release|Any CPU
		{8FA69B15-4D84-4120-9037-9A32BE87AC7B}.Debug|Any CPU.ActiveCfg = Debug|Any CPU
		{8FA69B15-4D84-4120-9037-9A32BE87AC7B}.Debug|Any CPU.Build.0 = Debug|Any CPU
		{8FA69B15-4D84-4120-9037-9A32BE87AC7B}.Release|Any CPU.ActiveCfg = Release|Any CPU
		{8FA69B15-4D84-4120-9037-9A32BE87AC7B}.Release|Any CPU.Build.0 = Release|Any CPU
		{5834B444-32A3-430A-A6DF-BA02BCAC0EB8}.Debug|Any CPU.ActiveCfg = Debug|Any CPU
		{5834B444-32A3-430A-A6DF-BA02BCAC0EB8}.Debug|Any CPU.Build.0 = Debug|Any CPU
		{5834B444-32A3-430A-A6DF-BA02BCAC0EB8}.Release|Any CPU.ActiveCfg = Release|Any CPU
		{5834B444-32A3-430A-A6DF-BA02BCAC0EB8}.Release|Any CPU.Build.0 = Release|Any CPU
	EndGlobalSection
	GlobalSection(SolutionProperties) = preSolution
		HideSolutionNode = FALSE
	EndGlobalSection
	GlobalSection(NestedProjects) = preSolution
		{8FA69B15-4D84-4120-9037-9A32BE87AC7B} = {CB3619D9-FEF0-4D10-8E0F-6867F9CD8729}
		{5834B444-32A3-430A-A6DF-BA02BCAC0EB8} = {CB3619D9-FEF0-4D10-8E0F-6867F9CD8729}
	EndGlobalSection
	GlobalSection(ExtensibilityGlobals) = postSolution
		SolutionGuid = {F20F3DAF-001F-4E55-8747-75E01EC7D627}
	EndGlobalSection
EndGlobal
